
Microsoft Visual Studio Solution File, Format Version 12.00
# Visual Studio Version 17
VisualStudioVersion = 17.12.35707.178 d17.12
MinimumVisualStudioVersion = 10.0.40219.1
Project("{FAE04EC0-301F-11D3-BF4B-00C04F79EFBC}") = "ListaExercicios-Colections", "ListaExercicios-Colections.csproj", "{A19B61E7-32B4-40DB-B2D3-3F5C9B201E2B}"
EndProject
Global
	GlobalSection(SolutionConfigurationPlatforms) = preSolution
		Debug|Any CPU = Debug|Any CPU
		Release|Any CPU = Release|Any CPU
	EndGlobalSection
	GlobalSection(ProjectConfigurationPlatforms) = postSolution
		{A19B61E7-32B4-40DB-B2D3-3F5C9B201E2B}.Debug|Any CPU.ActiveCfg = Debug|Any CPU
		{A19B61E7-32B4-40DB-B2D3-3F5C9B201E2B}.Debug|Any CPU.Build.0 = Debug|Any CPU
		{A19B61E7-32B4-40DB-B2D3-3F5C9B201E2B}.Release|Any CPU.ActiveCfg = Release|Any CPU
		{A19B61E7-32B4-40DB-B2D3-3F5C9B201E2B}.Release|Any CPU.Build.0 = Release|Any CPU
	EndGlobalSection
	GlobalSection(SolutionProperties) = preSolution
		HideSolutionNode = FALSE
	EndGlobalSection
EndGlobal
